
Microsoft Visual Studio Solution File, Format Version 12.00
# Visual Studio Version 17
VisualStudioVersion = 17.4.33205.214
MinimumVisualStudioVersion = 10.0.40219.1
Project("{FAE04EC0-301F-11D3-BF4B-00C04F79EFBC}") = "Dövizci Yönetim Sistemi", "Dövizci Yönetim Sistemi\Dövizci Yönetim Sistemi.csproj", "{C28F7B1B-40BD-4C54-9F0D-75D9A1D2BCE3}"
EndProject
Global
	GlobalSection(SolutionConfigurationPlatforms) = preSolution
		Debug|Any CPU = Debug|Any CPU
		Release|Any CPU = Release|Any CPU
	EndGlobalSection
	GlobalSection(ProjectConfigurationPlatforms) = postSolution
		{C28F7B1B-40BD-4C54-9F0D-75D9A1D2BCE3}.Debug|Any CPU.ActiveCfg = Debug|Any CPU
		{C28F7B1B-40BD-4C54-9F0D-75D9A1D2BCE3}.Debug|Any CPU.Build.0 = Debug|Any CPU
		{C28F7B1B-40BD-4C54-9F0D-75D9A1D2BCE3}.Release|Any CPU.ActiveCfg = Release|Any CPU
		{C28F7B1B-40BD-4C54-9F0D-75D9A1D2BCE3}.Release|Any CPU.Build.0 = Release|Any CPU
	EndGlobalSection
	GlobalSection(SolutionProperties) = preSolution
		HideSolutionNode = FALSE
	EndGlobalSection
	GlobalSection(ExtensibilityGlobals) = postSolution
		SolutionGuid = {F6CE0C6E-8488-4B41-BA26-FC3861FE5774}
	EndGlobalSection
EndGlobal
